
Microsoft Visual Studio Solution File, Format Version 12.00
# Visual Studio Version 17
VisualStudioVersion = 17.0.31903.59
MinimumVisualStudioVersion = 10.0.40219.1
Project("{2150E333-8FDC-42A3-9474-1A3956D46DE8}") = "src", "src", "{65423885-F0F0-4FA0-9C97-6CB6B5569561}"
EndProject
Project("{FAE04EC0-301F-11D3-BF4B-00C04F79EFBC}") = "AiContentFactory.Domain", "src\AiContentFactory.Domain\AiContentFactory.Domain.csproj", "{0F365656-BDC1-4C3B-B5C6-81DF97D427D3}"
EndProject
Project("{FAE04EC0-301F-11D3-BF4B-00C04F79EFBC}") = "AiContentFactory.Application", "src\AiContentFactory.Application\AiContentFactory.Application.csproj", "{E1093571-DDA4-42B5-8DDF-5C770649CAFB}"
EndProject
Project("{FAE04EC0-301F-11D3-BF4B-00C04F79EFBC}") = "AiContentFactory.Infrastructure", "src\AiContentFactory.Infrastructure\AiContentFactory.Infrastructure.csproj", "{6909A467-0DE1-4257-85C9-DC78D6788FBE}"
EndProject
Project("{FAE04EC0-301F-11D3-BF4B-00C04F79EFBC}") = "AiContentFactory.Api", "src\AiContentFactory.Api\AiContentFactory.Api.csproj", "{ECFF34EB-76BD-4AC4-9976-BAB07ABB00AB}"
EndProject
Project("{2150E333-8FDC-42A3-9474-1A3956D46DE8}") = "tests", "tests", "{0AB3BF05-4346-4AA6-1389-037BE0695223}"
EndProject
Project("{FAE04EC0-301F-11D3-BF4B-00C04F79EFBC}") = "AiContentFactory.Tests", "tests\AiContentFactory.Tests\AiContentFactory.Tests.csproj", "{AAEDA867-4B52-4C4E-8B2E-50211CD0750F}"
EndProject
Project("{FAE04EC0-301F-11D3-BF4B-00C04F79EFBC}") = "AiContentFactory.IntegrationTests", "tests\AiContentFactory.IntegrationTests\AiContentFactory.IntegrationTests.csproj", "{97DD5582-FFC5-4B06-9D72-037C0FF71462}"
EndProject
Global
	GlobalSection(SolutionConfigurationPlatforms) = preSolution
		Debug|Any CPU = Debug|Any CPU
		Debug|x64 = Debug|x64
		Debug|x86 = Debug|x86
		Release|Any CPU = Release|Any CPU
		Release|x64 = Release|x64
		Release|x86 = Release|x86
	EndGlobalSection
	GlobalSection(ProjectConfigurationPlatforms) = postSolution
		{0F365656-BDC1-4C3B-B5C6-81DF97D427D3}.Debug|Any CPU.ActiveCfg = Debug|Any CPU
		{0F365656-BDC1-4C3B-B5C6-81DF97D427D3}.Debug|Any CPU.Build.0 = Debug|Any CPU
		{0F365656-BDC1-4C3B-B5C6-81DF97D427D3}.Debug|x64.ActiveCfg = Debug|Any CPU
		{0F365656-BDC1-4C3B-B5C6-81DF97D427D3}.Debug|x64.Build.0 = Debug|Any CPU
		{0F365656-BDC1-4C3B-B5C6-81DF97D427D3}.Debug|x86.ActiveCfg = Debug|Any CPU
		{0F365656-BDC1-4C3B-B5C6-81DF97D427D3}.Debug|x86.Build.0 = Debug|Any CPU
		{0F365656-BDC1-4C3B-B5C6-81DF97D427D3}.Release|Any CPU.ActiveCfg = Release|Any CPU
		{0F365656-BDC1-4C3B-B5C6-81DF97D427D3}.Release|Any CPU.Build.0 = Release|Any CPU
		{0F365656-BDC1-4C3B-B5C6-81DF97D427D3}.Release|x64.ActiveCfg = Release|Any CPU
		{0F365656-BDC1-4C3B-B5C6-81DF97D427D3}.Release|x64.Build.0 = Release|Any CPU
		{0F365656-BDC1-4C3B-B5C6-81DF97D427D3}.Release|x86.ActiveCfg = Release|Any CPU
		{0F365656-BDC1-4C3B-B5C6-81DF97D427D3}.Release|x86.Build.0 = Release|Any CPU
		{E1093571-DDA4-42B5-8DDF-5C770649CAFB}.Debug|Any CPU.ActiveCfg = Debug|Any CPU
		{E1093571-DDA4-42B5-8DDF-5C770649CAFB}.Debug|Any CPU.Build.0 = Debug|Any CPU
		{E1093571-DDA4-42B5-8DDF-5C770649CAFB}.Debug|x64.ActiveCfg = Debug|Any CPU
		{E1093571-DDA4-42B5-8DDF-5C770649CAFB}.Debug|x64.Build.0 = Debug|Any CPU
		{E1093571-DDA4-42B5-8DDF-5C770649CAFB}.Debug|x86.ActiveCfg = Debug|Any CPU
		{E1093571-DDA4-42B5-8DDF-5C770649CAFB}.Debug|x86.Build.0 = Debug|Any CPU
		{E1093571-DDA4-42B5-8DDF-5C770649CAFB}.Release|Any CPU.ActiveCfg = Release|Any CPU
		{E1093571-DDA4-42B5-8DDF-5C770649CAFB}.Release|Any CPU.Build.0 = Release|Any CPU
		{E1093571-DDA4-42B5-8DDF-5C770649CAFB}.Release|x64.ActiveCfg = Release|Any CPU
		{E1093571-DDA4-42B5-8DDF-5C770649CAFB}.Release|x64.Build.0 = Release|Any CPU
		{E1093571-DDA4-42B5-8DDF-5C770649CAFB}.Release|x86.ActiveCfg = Release|Any CPU
		{E1093571-DDA4-42B5-8DDF-5C770649CAFB}.Release|x86.Build.0 = Release|Any CPU
		{6909A467-0DE1-4257-85C9-DC78D6788FBE}.Debug|Any CPU.ActiveCfg = Debug|Any CPU
		{6909A467-0DE1-4257-85C9-DC78D6788FBE}.Debug|Any CPU.Build.0 = Debug|Any CPU
		{6909A467-0DE1-4257-85C9-DC78D6788FBE}.Debug|x64.ActiveCfg = Debug|Any CPU
		{6909A467-0DE1-4257-85C9-DC78D6788FBE}.Debug|x64.Build.0 = Debug|Any CPU
		{6909A467-0DE1-4257-85C9-DC78D6788FBE}.Debug|x86.ActiveCfg = Debug|Any CPU
		{6909A467-0DE1-4257-85C9-DC78D6788FBE}.Debug|x86.Build.0 = Debug|Any CPU
		{6909A467-0DE1-4257-85C9-DC78D6788FBE}.Release|Any CPU.ActiveCfg = Release|Any CPU
		{6909A467-0DE1-4257-85C9-DC78D6788FBE}.Release|Any CPU.Build.0 = Release|Any CPU
		{6909A467-0DE1-4257-85C9-DC78D6788FBE}.Release|x64.ActiveCfg = Release|Any CPU
		{6909A467-0DE1-4257-85C9-DC78D6788FBE}.Release|x64.Build.0 = Release|Any CPU
		{6909A467-0DE1-4257-85C9-DC78D6788FBE}.Release|x86.ActiveCfg = Release|Any CPU
		{6909A467-0DE1-4257-85C9-DC78D6788FBE}.Release|x86.Build.0 = Release|Any CPU
		{ECFF34EB-76BD-4AC4-9976-BAB07ABB00AB}.Debug|Any CPU.ActiveCfg = Debug|Any CPU
		{ECFF34EB-76BD-4AC4-9976-BAB07ABB00AB}.Debug|Any CPU.Build.0 = Debug|Any CPU
		{ECFF34EB-76BD-4AC4-9976-BAB07ABB00AB}.Debug|x64.ActiveCfg = Debug|Any CPU
		{ECFF34EB-76BD-4AC4-9976-BAB07ABB00AB}.Debug|x64.Build.0 = Debug|Any CPU
		{ECFF34EB-76BD-4AC4-9976-BAB07ABB00AB}.Debug|x86.ActiveCfg = Debug|Any CPU
		{ECFF34EB-76BD-4AC4-9976-BAB07ABB00AB}.Debug|x86.Build.0 = Debug|Any CPU
		{ECFF34EB-76BD-4AC4-9976-BAB07ABB00AB}.Release|Any CPU.ActiveCfg = Release|Any CPU
		{ECFF34EB-76BD-4AC4-9976-BAB07ABB00AB}.Release|Any CPU.Build.0 = Release|Any CPU
		{ECFF34EB-76BD-4AC4-9976-BAB07ABB00AB}.Release|x64.ActiveCfg = Release|Any CPU
		{ECFF34EB-76BD-4AC4-9976-BAB07ABB00AB}.Release|x64.Build.0 = Release|Any CPU
		{ECFF34EB-76BD-4AC4-9976-BAB07ABB00AB}.Release|x86.ActiveCfg = Release|Any CPU
		{ECFF34EB-76BD-4AC4-9976-BAB07ABB00AB}.Release|x86.Build.0 = Release|Any CPU
		{AAEDA867-4B52-4C4E-8B2E-50211CD0750F}.Debug|Any CPU.ActiveCfg = Debug|Any CPU
		{AAEDA867-4B52-4C4E-8B2E-50211CD0750F}.Debug|Any CPU.Build.0 = Debug|Any CPU
		{AAEDA867-4B52-4C4E-8B2E-50211CD0750F}.Debug|x64.ActiveCfg = Debug|Any CPU
		{AAEDA867-4B52-4C4E-8B2E-50211CD0750F}.Debug|x64.Build.0 = Debug|Any CPU
		{AAEDA867-4B52-4C4E-8B2E-50211CD0750F}.Debug|x86.ActiveCfg = Debug|Any CPU
		{AAEDA867-4B52-4C4E-8B2E-50211CD0750F}.Debug|x86.Build.0 = Debug|Any CPU
		{AAEDA867-4B52-4C4E-8B2E-50211CD0750F}.Release|Any CPU.ActiveCfg = Release|Any CPU
		{AAEDA867-4B52-4C4E-8B2E-50211CD0750F}.Release|Any CPU.Build.0 = Release|Any CPU
		{AAEDA867-4B52-4C4E-8B2E-50211CD0750F}.Release|x64.ActiveCfg = Release|Any CPU
		{AAEDA867-4B52-4C4E-8B2E-50211CD0750F}.Release|x64.Build.0 = Release|Any CPU
		{AAEDA867-4B52-4C4E-8B2E-50211CD0750F}.Release|x86.ActiveCfg = Release|Any CPU
		{AAEDA867-4B52-4C4E-8B2E-50211CD0750F}.Release|x86.Build.0 = Release|Any CPU
		{97DD5582-FFC5-4B06-9D72-037C0FF71462}.Debug|Any CPU.ActiveCfg = Debug|Any CPU
		{97DD5582-FFC5-4B06-9D72-037C0FF71462}.Debug|Any CPU.Build.0 = Debug|Any CPU
		{97DD5582-FFC5-4B06-9D72-037C0FF71462}.Debug|x64.ActiveCfg = Debug|Any CPU
		{97DD5582-FFC5-4B06-9D72-037C0FF71462}.Debug|x64.Build.0 = Debug|Any CPU
		{97DD5582-FFC5-4B06-9D72-037C0FF71462}.Debug|x86.ActiveCfg = Debug|Any CPU
		{97DD5582-FFC5-4B06-9D72-037C0FF71462}.Debug|x86.Build.0 = Debug|Any CPU
		{97DD5582-FFC5-4B06-9D72-037C0FF71462}.Release|Any CPU.ActiveCfg = Release|Any CPU
		{97DD5582-FFC5-4B06-9D72-037C0FF71462}.Release|Any CPU.Build.0 = Release|Any CPU
		{97DD5582-FFC5-4B06-9D72-037C0FF71462}.Release|x64.ActiveCfg = Release|Any CPU
		{97DD5582-FFC5-4B06-9D72-037C0FF71462}.Release|x64.Build.0 = Release|Any CPU
		{97DD5582-FFC5-4B06-9D72-037C0FF71462}.Release|x86.ActiveCfg = Release|Any CPU
		{97DD5582-FFC5-4B06-9D72-037C0FF71462}.Release|x86.Build.0 = Release|Any CPU
	EndGlobalSection
	GlobalSection(SolutionProperties) = preSolution
		HideSolutionNode = FALSE
	EndGlobalSection
	GlobalSection(NestedProjects) = preSolution
		{0F365656-BDC1-4C3B-B5C6-81DF97D427D3} = {65423885-F0F0-4FA0-9C97-6CB6B5569561}
		{E1093571-DDA4-42B5-8DDF-5C770649CAFB} = {65423885-F0F0-4FA0-9C97-6CB6B5569561}
		{6909A467-0DE1-4257-85C9-DC78D6788FBE} = {65423885-F0F0-4FA0-9C97-6CB6B5569561}
		{ECFF34EB-76BD-4AC4-9976-BAB07ABB00AB} = {65423885-F0F0-4FA0-9C97-6CB6B5569561}
		{AAEDA867-4B52-4C4E-8B2E-50211CD0750F} = {0AB3BF05-4346-4AA6-1389-037BE0695223}
		{97DD5582-FFC5-4B06-9D72-037C0FF71462} = {0AB3BF05-4346-4AA6-1389-037BE0695223}
	EndGlobalSection
EndGlobal
